# THIS IS AN AUTOGENERATED FILE. DO NOT EDIT THIS FILE DIRECTLY.
# yarn lockfile v1


react-hook-form@^7.43.5:
  version "7.43.5"
  resolved "https://registry.yarnpkg.com/react-hook-form/-/react-hook-form-7.43.5.tgz#b320405594f1506d8d57b954383166d4ff563778"
  integrity sha512-YcaXhuFHoOPipu5pC7ckxrLrialiOcU91pKu8P+isAcXZyMgByUK9PkI9j5fENO4+6XU5PwWXRGMIFlk9u9UBQ==
